
Microsoft Visual Studio Solution File, Format Version 12.00
# Visual Studio 2012
Project("{FAE04EC0-301F-11D3-BF4B-00C04F79EFBC}") = "Calender2", "Calender2\Calender2.csproj", "{C087D59C-2A9E-491C-9BB9-E3236325E238}"
	ProjectSection(ProjectDependencies) = postProject
		{1523C9CA-7B82-499D-8FBC-F2C4664C2EA0} = {1523C9CA-7B82-499D-8FBC-F2C4664C2EA0}
	EndProjectSection
EndProject
Project("{FAE04EC0-301F-11D3-BF4B-00C04F79EFBC}") = "NotificationsExtensions", "Calender2\NotificationsExtensions\NotificationsExtensions.csproj", "{6E87464B-B064-40CA-8161-7C18C337ADFF}"
EndProject
Project("{FAE04EC0-301F-11D3-BF4B-00C04F79EFBC}") = "Tasks", "Tasks\Tasks.csproj", "{1523C9CA-7B82-499D-8FBC-F2C4664C2EA0}"
EndProject
Project("{FAE04EC0-301F-11D3-BF4B-00C04F79EFBC}") = "CalendarData", "CalendarData\CalendarData.csproj", "{22A0B6BA-B00E-4D5B-80D0-47982FBBF26D}"
EndProject
Global
	GlobalSection(SolutionConfigurationPlatforms) = preSolution
		Debug|Any CPU = Debug|Any CPU
		Debug|ARM = Debug|ARM
		Debug|Win32 = Debug|Win32
		Debug|x64 = Debug|x64
		Debug|x86 = Debug|x86
		Release|Any CPU = Release|Any CPU
		Release|ARM = Release|ARM
		Release|Win32 = Release|Win32
		Release|x64 = Release|x64
		Release|x86 = Release|x86
	EndGlobalSection
	GlobalSection(ProjectConfigurationPlatforms) = postSolution
		{C087D59C-2A9E-491C-9BB9-E3236325E238}.Debug|Any CPU.ActiveCfg = Debug|Any CPU
		{C087D59C-2A9E-491C-9BB9-E3236325E238}.Debug|Any CPU.Build.0 = Debug|Any CPU
		{C087D59C-2A9E-491C-9BB9-E3236325E238}.Debug|Any CPU.Deploy.0 = Debug|Any CPU
		{C087D59C-2A9E-491C-9BB9-E3236325E238}.Debug|ARM.ActiveCfg = Debug|ARM
		{C087D59C-2A9E-491C-9BB9-E3236325E238}.Debug|ARM.Build.0 = Debug|ARM
		{C087D59C-2A9E-491C-9BB9-E3236325E238}.Debug|ARM.Deploy.0 = Debug|ARM
		{C087D59C-2A9E-491C-9BB9-E3236325E238}.Debug|Win32.ActiveCfg = Debug|x86
		{C087D59C-2A9E-491C-9BB9-E3236325E238}.Debug|Win32.Build.0 = Debug|x86
		{C087D59C-2A9E-491C-9BB9-E3236325E238}.Debug|Win32.Deploy.0 = Debug|x86
		{C087D59C-2A9E-491C-9BB9-E3236325E238}.Debug|x64.ActiveCfg = Debug|x64
		{C087D59C-2A9E-491C-9BB9-E3236325E238}.Debug|x64.Build.0 = Debug|x64
		{C087D59C-2A9E-491C-9BB9-E3236325E238}.Debug|x64.Deploy.0 = Debug|x64
		{C087D59C-2A9E-491C-9BB9-E3236325E238}.Debug|x86.ActiveCfg = Debug|x86
		{C087D59C-2A9E-491C-9BB9-E3236325E238}.Debug|x86.Build.0 = Debug|x86
		{C087D59C-2A9E-491C-9BB9-E3236325E238}.Debug|x86.Deploy.0 = Debug|x86
		{C087D59C-2A9E-491C-9BB9-E3236325E238}.Release|Any CPU.ActiveCfg = Release|Any CPU
		{C087D59C-2A9E-491C-9BB9-E3236325E238}.Release|Any CPU.Build.0 = Release|Any CPU
		{C087D59C-2A9E-491C-9BB9-E3236325E238}.Release|Any CPU.Deploy.0 = Release|Any CPU
		{C087D59C-2A9E-491C-9BB9-E3236325E238}.Release|ARM.ActiveCfg = Release|ARM
		{C087D59C-2A9E-491C-9BB9-E3236325E238}.Release|ARM.Build.0 = Release|ARM
		{C087D59C-2A9E-491C-9BB9-E3236325E238}.Release|ARM.Deploy.0 = Release|ARM
		{C087D59C-2A9E-491C-9BB9-E3236325E238}.Release|Win32.ActiveCfg = Release|x86
		{C087D59C-2A9E-491C-9BB9-E3236325E238}.Release|Win32.Build.0 = Release|x86
		{C087D59C-2A9E-491C-9BB9-E3236325E238}.Release|Win32.Deploy.0 = Release|x86
		{C087D59C-2A9E-491C-9BB9-E3236325E238}.Release|x64.ActiveCfg = Release|x64
		{C087D59C-2A9E-491C-9BB9-E3236325E238}.Release|x64.Build.0 = Release|x64
		{C087D59C-2A9E-491C-9BB9-E3236325E238}.Release|x64.Deploy.0 = Release|x64
		{C087D59C-2A9E-491C-9BB9-E3236325E238}.Release|x86.ActiveCfg = Release|x86
		{C087D59C-2A9E-491C-9BB9-E3236325E238}.Release|x86.Build.0 = Release|x86
		{C087D59C-2A9E-491C-9BB9-E3236325E238}.Release|x86.Deploy.0 = Release|x86
		{6E87464B-B064-40CA-8161-7C18C337ADFF}.Debug|Any CPU.ActiveCfg = Debug|Any CPU
		{6E87464B-B064-40CA-8161-7C18C337ADFF}.Debug|Any CPU.Build.0 = Debug|Any CPU
		{6E87464B-B064-40CA-8161-7C18C337ADFF}.Debug|ARM.ActiveCfg = Debug|ARM
		{6E87464B-B064-40CA-8161-7C18C337ADFF}.Debug|ARM.Build.0 = Debug|ARM
		{6E87464B-B064-40CA-8161-7C18C337ADFF}.Debug|Win32.ActiveCfg = Debug|Win32
		{6E87464B-B064-40CA-8161-7C18C337ADFF}.Debug|Win32.Build.0 = Debug|Win32
		{6E87464B-B064-40CA-8161-7C18C337ADFF}.Debug|x64.ActiveCfg = Debug|x64
		{6E87464B-B064-40CA-8161-7C18C337ADFF}.Debug|x64.Build.0 = Debug|x64
		{6E87464B-B064-40CA-8161-7C18C337ADFF}.Debug|x86.ActiveCfg = Debug|x86
		{6E87464B-B064-40CA-8161-7C18C337ADFF}.Debug|x86.Build.0 = Debug|x86
		{6E87464B-B064-40CA-8161-7C18C337ADFF}.Release|Any CPU.ActiveCfg = Release|Any CPU
		{6E87464B-B064-40CA-8161-7C18C337ADFF}.Release|Any CPU.Build.0 = Release|Any CPU
		{6E87464B-B064-40CA-8161-7C18C337ADFF}.Release|ARM.ActiveCfg = Release|ARM
		{6E87464B-B064-40CA-8161-7C18C337ADFF}.Release|ARM.Build.0 = Release|ARM
		{6E87464B-B064-40CA-8161-7C18C337ADFF}.Release|Win32.ActiveCfg = Release|Win32
		{6E87464B-B064-40CA-8161-7C18C337ADFF}.Release|Win32.Build.0 = Release|Win32
		{6E87464B-B064-40CA-8161-7C18C337ADFF}.Release|x64.ActiveCfg = Release|x64
		{6E87464B-B064-40CA-8161-7C18C337ADFF}.Release|x64.Build.0 = Release|x64
		{6E87464B-B064-40CA-8161-7C18C337ADFF}.Release|x86.ActiveCfg = Release|x86
		{6E87464B-B064-40CA-8161-7C18C337ADFF}.Release|x86.Build.0 = Release|x86
		{1523C9CA-7B82-499D-8FBC-F2C4664C2EA0}.Debug|Any CPU.ActiveCfg = Debug|Any CPU
		{1523C9CA-7B82-499D-8FBC-F2C4664C2EA0}.Debug|Any CPU.Build.0 = Debug|Any CPU
		{1523C9CA-7B82-499D-8FBC-F2C4664C2EA0}.Debug|ARM.ActiveCfg = Debug|ARM
		{1523C9CA-7B82-499D-8FBC-F2C4664C2EA0}.Debug|ARM.Build.0 = Debug|ARM
		{1523C9CA-7B82-499D-8FBC-F2C4664C2EA0}.Debug|Win32.ActiveCfg = Debug|x86
		{1523C9CA-7B82-499D-8FBC-F2C4664C2EA0}.Debug|Win32.Build.0 = Debug|x86
		{1523C9CA-7B82-499D-8FBC-F2C4664C2EA0}.Debug|x64.ActiveCfg = Debug|x64
		{1523C9CA-7B82-499D-8FBC-F2C4664C2EA0}.Debug|x64.Build.0 = Debug|x64
		{1523C9CA-7B82-499D-8FBC-F2C4664C2EA0}.Debug|x86.ActiveCfg = Debug|x86
		{1523C9CA-7B82-499D-8FBC-F2C4664C2EA0}.Debug|x86.Build.0 = Debug|x86
		{1523C9CA-7B82-499D-8FBC-F2C4664C2EA0}.Release|Any CPU.ActiveCfg = Release|Any CPU
		{1523C9CA-7B82-499D-8FBC-F2C4664C2EA0}.Release|Any CPU.Build.0 = Release|Any CPU
		{1523C9CA-7B82-499D-8FBC-F2C4664C2EA0}.Release|ARM.ActiveCfg = Release|ARM
		{1523C9CA-7B82-499D-8FBC-F2C4664C2EA0}.Release|ARM.Build.0 = Release|ARM
		{1523C9CA-7B82-499D-8FBC-F2C4664C2EA0}.Release|Win32.ActiveCfg = Release|x86
		{1523C9CA-7B82-499D-8FBC-F2C4664C2EA0}.Release|Win32.Build.0 = Release|x86
		{1523C9CA-7B82-499D-8FBC-F2C4664C2EA0}.Release|x64.ActiveCfg = Release|x64
		{1523C9CA-7B82-499D-8FBC-F2C4664C2EA0}.Release|x64.Build.0 = Release|x64
		{1523C9CA-7B82-499D-8FBC-F2C4664C2EA0}.Release|x86.ActiveCfg = Release|x86
		{1523C9CA-7B82-499D-8FBC-F2C4664C2EA0}.Release|x86.Build.0 = Release|x86
		{22A0B6BA-B00E-4D5B-80D0-47982FBBF26D}.Debug|Any CPU.ActiveCfg = Debug|Any CPU
		{22A0B6BA-B00E-4D5B-80D0-47982FBBF26D}.Debug|Any CPU.Build.0 = Debug|Any CPU
		{22A0B6BA-B00E-4D5B-80D0-47982FBBF26D}.Debug|ARM.ActiveCfg = Debug|ARM
		{22A0B6BA-B00E-4D5B-80D0-47982FBBF26D}.Debug|ARM.Build.0 = Debug|ARM
		{22A0B6BA-B00E-4D5B-80D0-47982FBBF26D}.Debug|Win32.ActiveCfg = Debug|x86
		{22A0B6BA-B00E-4D5B-80D0-47982FBBF26D}.Debug|Win32.Build.0 = Debug|x86
		{22A0B6BA-B00E-4D5B-80D0-47982FBBF26D}.Debug|x64.ActiveCfg = Debug|x64
		{22A0B6BA-B00E-4D5B-80D0-47982FBBF26D}.Debug|x64.Build.0 = Debug|x64
		{22A0B6BA-B00E-4D5B-80D0-47982FBBF26D}.Debug|x86.ActiveCfg = Debug|x86
		{22A0B6BA-B00E-4D5B-80D0-47982FBBF26D}.Debug|x86.Build.0 = Debug|x86
		{22A0B6BA-B00E-4D5B-80D0-47982FBBF26D}.Release|Any CPU.ActiveCfg = Release|Any CPU
		{22A0B6BA-B00E-4D5B-80D0-47982FBBF26D}.Release|Any CPU.Build.0 = Release|Any CPU
		{22A0B6BA-B00E-4D5B-80D0-47982FBBF26D}.Release|ARM.ActiveCfg = Release|ARM
		{22A0B6BA-B00E-4D5B-80D0-47982FBBF26D}.Release|ARM.Build.0 = Release|ARM
		{22A0B6BA-B00E-4D5B-80D0-47982FBBF26D}.Release|Win32.ActiveCfg = Release|x86
		{22A0B6BA-B00E-4D5B-80D0-47982FBBF26D}.Release|Win32.Build.0 = Release|x86
		{22A0B6BA-B00E-4D5B-80D0-47982FBBF26D}.Release|x64.ActiveCfg = Release|x64
		{22A0B6BA-B00E-4D5B-80D0-47982FBBF26D}.Release|x64.Build.0 = Release|x64
		{22A0B6BA-B00E-4D5B-80D0-47982FBBF26D}.Release|x86.ActiveCfg = Release|x86
		{22A0B6BA-B00E-4D5B-80D0-47982FBBF26D}.Release|x86.Build.0 = Release|x86
	EndGlobalSection
	GlobalSection(SolutionProperties) = preSolution
		HideSolutionNode = FALSE
	EndGlobalSection
EndGlobal
